{
  "name": "coin",
  "lockfileVersion": 2,
  "requires": true,
  "packages": {
    "": {
      "dependencies": {
        "@seyacat/reactive": "^1.0.12",
        "minimist": "^1.2.8",
        "uuid": "^9.0.1"
      }
    },
    "node_modules/@seyacat/reactive": {
      "version": "1.0.12",
      "resolved": "https://registry.npmjs.org/@seyacat/reactive/-/reactive-1.0.12.tgz",
      "integrity": "sha512-onE7r7kd4d1M6dpzvqzrEWHfw0XSo0eDR3AREdqEqkVp3CVjDYiYv9UFnGr5YJWzAoPVFI/oKEGwJxCLPnJQag=="
    },
    "node_modules/minimist": {
      "version": "1.2.8",
      "resolved": "https://registry.npmjs.org/minimist/-/minimist-1.2.8.tgz",
      "integrity": "sha512-2yyAR8qBkN3YuheJanUpWC5U3bb5osDywNB8RzDVlDwDHbocAJveqqj1u8+SVD7jkWT4yvsHCpWqqWqAxb0zCA==",
      "funding": {
        "url": "https://github.com/sponsors/ljharb"
      }
    },
    "node_modules/uuid": {
      "version": "9.0.1",
      "resolved": "https://registry.npmjs.org/uuid/-/uuid-9.0.1.tgz",
      "integrity": "sha512-b+1eJOlsR9K8HJpow9Ok3fiWOWSIcIzXodvv0rQjVoOVNpWMpxf1wZNpt4y9h10odCNrqnYp1OBzRktckBe3sA==",
      "funding": [
        "https://github.com/sponsors/broofa",
        "https://github.com/sponsors/ctavan"
      ],
      "bin": {
        "uuid": "dist/bin/uuid"
      }
    }
  },
  "dependencies": {
    "@seyacat/reactive": {
      "version": "1.0.12",
      "resolved": "https://registry.npmjs.org/@seyacat/reactive/-/reactive-1.0.12.tgz",
      "integrity": "sha512-onE7r7kd4d1M6dpzvqzrEWHfw0XSo0eDR3AREdqEqkVp3CVjDYiYv9UFnGr5YJWzAoPVFI/oKEGwJxCLPnJQag=="
    },
    "minimist": {
      "version": "1.2.8",
      "resolved": "https://registry.npmjs.org/minimist/-/minimist-1.2.8.tgz",
      "integrity": "sha512-2yyAR8qBkN3YuheJanUpWC5U3bb5osDywNB8RzDVlDwDHbocAJveqqj1u8+SVD7jkWT4yvsHCpWqqWqAxb0zCA=="
    },
    "uuid": {
      "version": "9.0.1",
      "resolved": "https://registry.npmjs.org/uuid/-/uuid-9.0.1.tgz",
      "integrity": "sha512-b+1eJOlsR9K8HJpow9Ok3fiWOWSIcIzXodvv0rQjVoOVNpWMpxf1wZNpt4y9h10odCNrqnYp1OBzRktckBe3sA=="
    }
  }
}
